
Microsoft Visual Studio Solution File, Format Version 12.00
# Visual Studio Version 16
VisualStudioVersion = 16.0.31005.135
MinimumVisualStudioVersion = 10.0.40219.1
Project("{9A19103F-16F7-4668-BE54-9A1E7A4F7556}") = "EventStreamProcessing", "src\eventstreamprocessing\EventStreamProcessing.csproj", "{289950B9-603B-4B7B-A088-034F6C186D45}"
EndProject
Project("{9A19103F-16F7-4668-BE54-9A1E7A4F7556}") = "EventStreamProcessingTests", "tests\eventstreamprocessingtests\EventStreamProcessingTests.csproj", "{30B1104C-AF7E-47BC-B615-3ABE8D8315F8}"
EndProject
Global
	GlobalSection(SolutionConfigurationPlatforms) = preSolution
		Debug|Any CPU = Debug|Any CPU
		Release|Any CPU = Release|Any CPU
	EndGlobalSection
	GlobalSection(ProjectConfigurationPlatforms) = postSolution
		{289950B9-603B-4B7B-A088-034F6C186D45}.Debug|Any CPU.ActiveCfg = Debug|Any CPU
		{289950B9-603B-4B7B-A088-034F6C186D45}.Debug|Any CPU.Build.0 = Debug|Any CPU
		{289950B9-603B-4B7B-A088-034F6C186D45}.Release|Any CPU.ActiveCfg = Release|Any CPU
		{289950B9-603B-4B7B-A088-034F6C186D45}.Release|Any CPU.Build.0 = Release|Any CPU
		{30B1104C-AF7E-47BC-B615-3ABE8D8315F8}.Debug|Any CPU.ActiveCfg = Debug|Any CPU
		{30B1104C-AF7E-47BC-B615-3ABE8D8315F8}.Debug|Any CPU.Build.0 = Debug|Any CPU
		{30B1104C-AF7E-47BC-B615-3ABE8D8315F8}.Release|Any CPU.ActiveCfg = Release|Any CPU
		{30B1104C-AF7E-47BC-B615-3ABE8D8315F8}.Release|Any CPU.Build.0 = Release|Any CPU
	EndGlobalSection
	GlobalSection(SolutionProperties) = preSolution
		HideSolutionNode = FALSE
	EndGlobalSection
	GlobalSection(ExtensibilityGlobals) = postSolution
		SolutionGuid = {1D333FA3-509B-4508-B09F-7F32E83593B2}
	EndGlobalSection
EndGlobal
